// !$*UTF8*$!
{
	archiveVersion = 1;
	classes = {
	};
	objectVersion = 46;
	objects = {

/* Begin PBXBuildFile section */
		7F6EB7821B7839F100DB0799 /* main.m in Sources */ = {isa = PBXBuildFile; fileRef = 7F6EB7811B7839F100DB0799 /* main.m */; };
		7F6EB7851B7839F100DB0799 /* AppDelegate.m in Sources */ = {isa = PBXBuildFile; fileRef = 7F6EB7841B7839F100DB0799 /* AppDelegate.m */; };
		7F6EB7881B7839F100DB0799 /* ViewController.m in Sources */ = {isa = PBXBuildFile; fileRef = 7F6EB7871B7839F100DB0799 /* ViewController.m */; };
		7F6EB78B1B7839F100DB0799 /* Main.storyboard in Resources */ = {isa = PBXBuildFile; fileRef = 7F6EB7891B7839F100DB0799 /* Main.storyboard */; };
		7F6EB78D1B7839F100DB0799 /* Images.xcassets in Resources */ = {isa = PBXBuildFile; fileRef = 7F6EB78C1B7839F100DB0799 /* Images.xcassets */; };
		7F6EB7901B7839F100DB0799 /* LaunchScreen.xib in Resources */ = {isa = PBXBuildFile; fileRef = 7F6EB78E1B7839F100DB0799 /* LaunchScreen.xib */; };
		7F6EB79C1B7839F100DB0799 /* imageFilterTests.m in Sources */ = {isa = PBXBuildFile; fileRef = 7F6EB79B1B7839F100DB0799 /* imageFilterTests.m */; };
		7F6EB7A81B783A2700DB0799 /* UIImage+filter.m in Sources */ = {isa = PBXBuildFile; fileRef = 7F6EB7A61B783A2700DB0799 /* UIImage+filter.m */; };
/* End PBXBuildFile section */

/* Begin PBXContainerItemProxy section */
		7F6EB7961B7839F100DB0799 /* PBXContainerItemProxy */ = {
			isa = PBXContainerItemProxy;
			containerPortal = 7F6EB7741B7839F100DB0799 /* Project object */;
			proxyType = 1;
			remoteGlobalIDString = 7F6EB77B1B7839F100DB0799;
			remoteInfo = imageFilter;
		};
/* End PBXContainerItemProxy section */

/* Begin PBXFileReference section */
		7F6EB77C1B7839F100DB0799 /* imageFilter.app */ = {isa = PBXFileReference; explicitFileType = wrapper.application; includeInIndex = 0; path = imageFilter.app; sourceTree = BUILT_PRODUCTS_DIR; };
		7F6EB7801B7839F100DB0799 /* Info.plist */ = {isa = PBXFileReference; lastKnownFileType = text.plist.xml; path = Info.plist; sourceTree = "<group>"; };
		7F6EB7811B7839F100DB0799 /* main.m */ = {isa = PBXFileReference; lastKnownFileType = sourcecode.c.objc; path = main.m; sourceTree = "<group>"; };
		7F6EB7831B7839F100DB0799 /* AppDelegate.h */ = {isa = PBXFileReference; lastKnownFileType = sourcecode.c.h; path = AppDelegate.h; sourceTree = "<group>"; };
		7F6EB7841B7839F100DB0799 /* AppDelegate.m */ = {isa = PBXFileReference; lastKnownFileType = sourcecode.c.objc; path = AppDelegate.m; sourceTree = "<group>"; };
		7F6EB7861B7839F100DB0799 /* ViewController.h */ = {isa = PBXFileReference; lastKnownFileType = sourcecode.c.h; path = ViewController.h; sourceTree = "<group>"; };
		7F6EB7871B7839F100DB0799 /* ViewController.m */ = {isa = PBXFileReference; lastKnownFileType = sourcecode.c.objc; path = ViewController.m; sourceTree = "<group>"; };
		7F6EB78A1B7839F100DB0799 /* Base */ = {isa = PBXFileReference; lastKnownFileType = file.storyboard; name = Base; path = Base.lproj/Main.storyboard; sourceTree = "<group>"; };
		7F6EB78C1B7839F100DB0799 /* Images.xcassets */ = {isa = PBXFileReference; lastKnownFileType = folder.assetcatalog; path = Images.xcassets; sourceTree = "<group>"; };
		7F6EB78F1B7839F100DB0799 /* Base */ = {isa = PBXFileReference; lastKnownFileType = file.xib; name = Base; path = Base.lproj/LaunchScreen.xib; sourceTree = "<group>"; };
		7F6EB7951B7839F100DB0799 /* imageFilterTests.xctest */ = {isa = PBXFileReference; explicitFileType = wrapper.cfbundle; includeInIndex = 0; path = imageFilterTests.xctest; sourceTree = BUILT_PRODUCTS_DIR; };
		7F6EB79A1B7839F100DB0799 /* Info.plist */ = {isa = PBXFileReference; lastKnownFileType = text.plist.xml; path = Info.plist; sourceTree = "<group>"; };
		7F6EB79B1B7839F100DB0799 /* imageFilterTests.m */ = {isa = PBXFileReference; lastKnownFileType = sourcecode.c.objc; path = imageFilterTests.m; sourceTree = "<group>"; };
		7F6EB7A61B783A2700DB0799 /* UIImage+filter.m */ = {isa = PBXFileReference; fileEncoding = 4; lastKnownFileType = sourcecode.c.objc; path = "UIImage+filter.m"; sourceTree = "<group>"; };
		7F6EB7A71B783A2700DB0799 /* UIImage+filter.h */ = {isa = PBXFileReference; fileEncoding = 4; lastKnownFileType = sourcecode.c.h; path = "UIImage+filter.h"; sourceTree = "<group>"; };
/* End PBXFileReference section */

/* Begin PBXFrameworksBuildPhase section */
		7F6EB7791B7839F100DB0799 /* Frameworks */ = {
			isa = PBXFrameworksBuildPhase;
			buildActionMask = 2147483647;
			files = (
			);
			runOnlyForDeploymentPostprocessing = 0;
		};
		7F6EB7921B7839F100DB0799 /* Frameworks */ = {
			isa = PBXFrameworksBuildPhase;
			buildActionMask = 2147483647;
			files = (
			);
			runOnlyForDeploymentPostprocessing = 0;
		};
/* End PBXFrameworksBuildPhase section */

/* Begin PBXGroup section */
		7F6EB7731B7839F100DB0799 = {
			isa = PBXGroup;
			children = (
				7F6EB77E1B7839F100DB0799 /* imageFilter */,
				7F6EB7981B7839F100DB0799 /* imageFilterTests */,
				7F6EB77D1B7839F100DB0799 /* Products */,
			);
			sourceTree = "<group>";
		};
		7F6EB77D1B7839F100DB0799 /* Products */ = {
			isa = PBXGroup;
			children = (
				7F6EB77C1B7839F100DB0799 /* imageFilter.app */,
				7F6EB7951B7839F100DB0799 /* imageFilterTests.xctest */,
			);
			name = Products;
			sourceTree = "<group>";
		};
		7F6EB77E1B7839F100DB0799 /* imageFilter */ = {
			isa = PBXGroup;
			children = (
				7F6EB7A51B783A0F00DB0799 /* HQImageFilter */,
				7F6EB7831B7839F100DB0799 /* AppDelegate.h */,
				7F6EB7841B7839F100DB0799 /* AppDelegate.m */,
				7F6EB7861B7839F100DB0799 /* ViewController.h */,
				7F6EB7871B7839F100DB0799 /* ViewController.m */,
				7F6EB7891B7839F100DB0799 /* Main.storyboard */,
				7F6EB78C1B7839F100DB0799 /* Images.xcassets */,
				7F6EB78E1B7839F100DB0799 /* LaunchScreen.xib */,
				7F6EB77F1B7839F100DB0799 /* Supporting Files */,
			);
			path = imageFilter;
			sourceTree = "<group>";
		};
		7F6EB77F1B7839F100DB0799 /* Supporting Files */ = {
			isa = PBXGroup;
			children = (
				7F6EB7801B7839F100DB0799 /* Info.plist */,
				7F6EB7811B7839F100DB0799 /* main.m */,
			);
			name = "Supporting Files";
			sourceTree = "<group>";
		};
		7F6EB7981B7839F100DB0799 /* imageFilterTests */ = {
			isa = PBXGroup;
			children = (
				7F6EB79B1B7839F100DB0799 /* imageFilterTests.m */,
				7F6EB7991B7839F100DB0799 /* Supporting Files */,
			);
			path = imageFilterTests;
			sourceTree = "<group>";
		};
		7F6EB7991B7839F100DB0799 /* Supporting Files */ = {
			isa = PBXGroup;
			children = (
				7F6EB79A1B7839F100DB0799 /* Info.plist */,
			);
			name = "Supporting Files";
			sourceTree = "<group>";
		};
		7F6EB7A51B783A0F00DB0799 /* HQImageFilter */ = {
			isa = PBXGroup;
			children = (
				7F6EB7A61B783A2700DB0799 /* UIImage+filter.m */,
				7F6EB7A71B783A2700DB0799 /* UIImage+filter.h */,
			);
			path = HQImageFilter;
			sourceTree = "<group>";
		};
/* End PBXGroup section */

/* Begin PBXNativeTarget section */
		7F6EB77B1B7839F100DB0799 /* imageFilter */ = {
			isa = PBXNativeTarget;
			buildConfigurationList = 7F6EB79F1B7839F100DB0799 /* Build configuration list for PBXNativeTarget "imageFilter" */;
			buildPhases = (
				7F6EB7781B7839F100DB0799 /* Sources */,
				7F6EB7791B7839F100DB0799 /* Frameworks */,
				7F6EB77A1B7839F100DB0799 /* Resources */,
			);
			buildRules = (
			);
			dependencies = (
			);
			name = imageFilter;
			productName = imageFilter;
			productReference = 7F6EB77C1B7839F100DB0799 /* imageFilter.app */;
			productType = "com.apple.product-type.application";
		};
		7F6EB7941B7839F100DB0799 /* imageFilterTests */ = {
			isa = PBXNativeTarget;
			buildConfigurationList = 7F6EB7A21B7839F100DB0799 /* Build configuration list for PBXNativeTarget "imageFilterTests" */;
			buildPhases = (
				7F6EB7911B7839F100DB0799 /* Sources */,
				7F6EB7921B7839F100DB0799 /* Frameworks */,
				7F6EB7931B7839F100DB0799 /* Resources */,
			);
			buildRules = (
			);
			dependencies = (
				7F6EB7971B7839F100DB0799 /* PBXTargetDependency */,
			);
			name = imageFilterTests;
			productName = imageFilterTests;
			productReference = 7F6EB7951B7839F100DB0799 /* imageFilterTests.xctest */;
			productType = "com.apple.product-type.bundle.unit-test";
		};
/* End PBXNativeTarget section */

/* Begin PBXProject section */
		7F6EB7741B7839F100DB0799 /* Project object */ = {
			isa = PBXProject;
			attributes = {
				LastUpgradeCheck = 0630;
				ORGANIZATIONNAME = qianhongqiang;
				TargetAttributes = {
					7F6EB77B1B7839F100DB0799 = {
						CreatedOnToolsVersion = 6.3.2;
					};
					7F6EB7941B7839F100DB0799 = {
						CreatedOnToolsVersion = 6.3.2;
						TestTargetID = 7F6EB77B1B7839F100DB0799;
					};
				};
			};
			buildConfigurationList = 7F6EB7771B7839F100DB0799 /* Build configuration list for PBXProject "imageFilter" */;
			compatibilityVersion = "Xcode 3.2";
			developmentRegion = English;
			hasScannedForEncodings = 0;
			knownRegions = (
				en,
				Base,
			);
			mainGroup = 7F6EB7731B7839F100DB0799;
			productRefGroup = 7F6EB77D1B7839F100DB0799 /* Products */;
			projectDirPath = "";
			projectRoot = "";
			targets = (
				7F6EB77B1B7839F100DB0799 /* imageFilter */,
				7F6EB7941B7839F100DB0799 /* imageFilterTests */,
			);
		};
/* End PBXProject section */

/* Begin PBXResourcesBuildPhase section */
		7F6EB77A1B7839F100DB0799 /* Resources */ = {
			isa = PBXResourcesBuildPhase;
			buildActionMask = 2147483647;
			files = (
				7F6EB78B1B7839F100DB0799 /* Main.storyboard in Resources */,
				7F6EB7901B7839F100DB0799 /* LaunchScreen.xib in Resources */,
				7F6EB78D1B7839F100DB0799 /* Images.xcassets in Resources */,
			);
			runOnlyForDeploymentPostprocessing = 0;
		};
		7F6EB7931B7839F100DB0799 /* Resources */ = {
			isa = PBXResourcesBuildPhase;
			buildActionMask = 2147483647;
			files = (
			);
			runOnlyForDeploymentPostprocessing = 0;
		};
/* End PBXResourcesBuildPhase section */

/* Begin PBXSourcesBuildPhase section */
		7F6EB7781B7839F100DB0799 /* Sources */ = {
			isa = PBXSourcesBuildPhase;
			buildActionMask = 2147483647;
			files = (
				7F6EB7881B7839F100DB0799 /* ViewController.m in Sources */,
				7F6EB7A81B783A2700DB0799 /* UIImage+filter.m in Sources */,
				7F6EB7851B7839F100DB0799 /* AppDelegate.m in Sources */,
				7F6EB7821B7839F100DB0799 /* main.m in Sources */,
			);
			runOnlyForDeploymentPostprocessing = 0;
		};
		7F6EB7911B7839F100DB0799 /* Sources */ = {
			isa = PBXSourcesBuildPhase;
			buildActionMask = 2147483647;
			files = (
				7F6EB79C1B7839F100DB0799 /* imageFilterTests.m in Sources */,
			);
			runOnlyForDeploymentPostprocessing = 0;
		};
/* End PBXSourcesBuildPhase section */

/* Begin PBXTargetDependency section */
		7F6EB7971B7839F100DB0799 /* PBXTargetDependency */ = {
			isa = PBXTargetDependency;
			target = 7F6EB77B1B7839F100DB0799 /* imageFilter */;
			targetProxy = 7F6EB7961B7839F100DB0799 /* PBXContainerItemProxy */;
		};
/* End PBXTargetDependency section */

/* Begin PBXVariantGroup section */
		7F6EB7891B7839F100DB0799 /* Main.storyboard */ = {
			isa = PBXVariantGroup;
			children = (
				7F6EB78A1B7839F100DB0799 /* Base */,
			);
			name = Main.storyboard;
			sourceTree = "<group>";
		};
		7F6EB78E1B7839F100DB0799 /* LaunchScreen.xib */ = {
			isa = PBXVariantGroup;
			children = (
				7F6EB78F1B7839F100DB0799 /* Base */,
			);
			name = LaunchScreen.xib;
			sourceTree = "<group>";
		};
/* End PBXVariantGroup section */

/* Begin XCBuildConfiguration section */
		7F6EB79D1B7839F100DB0799 /* Debug */ = {
			isa = XCBuildConfiguration;
			buildSettings = {
				ALWAYS_SEARCH_USER_PATHS = NO;
				CLANG_CXX_LANGUAGE_STANDARD = "gnu++0x";
				CLANG_CXX_LIBRARY = "libc++";
				CLANG_ENABLE_MODULES = YES;
				CLANG_ENABLE_OBJC_ARC = YES;
				CLANG_WARN_BOOL_CONVERSION = YES;
				CLANG_WARN_CONSTANT_CONVERSION = YES;
				CLANG_WARN_DIRECT_OBJC_ISA_USAGE = YES_ERROR;
				CLANG_WARN_EMPTY_BODY = YES;
				CLANG_WARN_ENUM_CONVERSION = YES;
				CLANG_WARN_INT_CONVERSION = YES;
				CLANG_WARN_OBJC_ROOT_CLASS = YES_ERROR;
				CLANG_WARN_UNREACHABLE_CODE = YES;
				CLANG_WARN__DUPLICATE_METHOD_MATCH = YES;
				"CODE_SIGN_IDENTITY[sdk=iphoneos*]" = "iPhone Developer";
				COPY_PHASE_STRIP = NO;
				DEBUG_INFORMATION_FORMAT = "dwarf-with-dsym";
				ENABLE_STRICT_OBJC_MSGSEND = YES;
				GCC_C_LANGUAGE_STANDARD = gnu99;
				GCC_DYNAMIC_NO_PIC = NO;
				GCC_NO_COMMON_BLOCKS = YES;
				GCC_OPTIMIZATION_LEVEL = 0;
				GCC_PREPROCESSOR_DEFINITIONS = (
					"DEBUG=1",
					"$(inherited)",
				);
				GCC_SYMBOLS_PRIVATE_EXTERN = NO;
				GCC_WARN_64_TO_32_BIT_CONVERSION = YES;
				GCC_WARN_ABOUT_RETURN_TYPE = YES_ERROR;
				GCC_WARN_UNDECLARED_SELECTOR = YES;
				GCC_WARN_UNINITIALIZED_AUTOS = YES_AGGRESSIVE;
				GCC_WARN_UNUSED_FUNCTION = YES;
				GCC_WARN_UNUSED_VARIABLE = YES;
				IPHONEOS_DEPLOYMENT_TARGET = 8.3;
				MTL_ENABLE_DEBUG_INFO = YES;
				ONLY_ACTIVE_ARCH = YES;
				SDKROOT = iphoneos;
				TARGETED_DEVICE_FAMILY = "1,2";
			};
			name = Debug;
		};
		7F6EB79E1B7839F100DB0799 /* Release */ = {
			isa = XCBuildConfiguration;
			buildSettings = {
				ALWAYS_SEARCH_USER_PATHS = NO;
				CLANG_CXX_LANGUAGE_STANDARD = "gnu++0x";
				CLANG_CXX_LIBRARY = "libc++";
				CLANG_ENABLE_MODULES = YES;
				CLANG_ENABLE_OBJC_ARC = YES;
				CLANG_WARN_BOOL_CONVERSION = YES;
				CLANG_WARN_CONSTANT_CONVERSION = YES;
				CLANG_WARN_DIRECT_OBJC_ISA_USAGE = YES_ERROR;
				CLANG_WARN_EMPTY_BODY = YES;
				CLANG_WARN_ENUM_CONVERSION = YES;
				CLANG_WARN_INT_CONVERSION = YES;
				CLANG_WARN_OBJC_ROOT_CLASS = YES_ERROR;
				CLANG_WARN_UNREACHABLE_CODE = YES;
				CLANG_WARN__DUPLICATE_METHOD_MATCH = YES;
				"CODE_SIGN_IDENTITY[sdk=iphoneos*]" = "iPhone Developer";
				COPY_PHASE_STRIP = NO;
				DEBUG_INFORMATION_FORMAT = "dwarf-with-dsym";
				ENABLE_NS_ASSERTIONS = NO;
				ENABLE_STRICT_OBJC_MSGSEND = YES;
				GCC_C_LANGUAGE_STANDARD = gnu99;
				GCC_NO_COMMON_BLOCKS = YES;
				GCC_WARN_64_TO_32_BIT_CONVERSION = YES;
				GCC_WARN_ABOUT_RETURN_TYPE = YES_ERROR;
				GCC_WARN_UNDECLARED_SELECTOR = YES;
				GCC_WARN_UNINITIALIZED_AUTOS = YES_AGGRESSIVE;
				GCC_WARN_UNUSED_FUNCTION = YES;
				GCC_WARN_UNUSED_VARIABLE = YES;
				IPHONEOS_DEPLOYMENT_TARGET = 8.3;
				MTL_ENABLE_DEBUG_INFO = NO;
				SDKROOT = iphoneos;
				TARGETED_DEVICE_FAMILY = "1,2";
				VALIDATE_PRODUCT = YES;
			};
			name = Release;
		};
		7F6EB7A01B7839F100DB0799 /* Debug */ = {
			isa = XCBuildConfiguration;
			buildSettings = {
				ASSETCATALOG_COMPILER_APPICON_NAME = AppIcon;
				INFOPLIST_FILE = imageFilter/Info.plist;
				LD_RUNPATH_SEARCH_PATHS = "$(inherited) @executable_path/Frameworks";
				PRODUCT_NAME = "$(TARGET_NAME)";
			};
			name = Debug;
		};
		7F6EB7A11B7839F100DB0799 /* Release */ = {
			isa = XCBuildConfiguration;
			buildSettings = {
				ASSETCATALOG_COMPILER_APPICON_NAME = AppIcon;
				INFOPLIST_FILE = imageFilter/Info.plist;
				LD_RUNPATH_SEARCH_PATHS = "$(inherited) @executable_path/Frameworks";
				PRODUCT_NAME = "$(TARGET_NAME)";
			};
			name = Release;
		};
		7F6EB7A31B7839F100DB0799 /* Debug */ = {
			isa = XCBuildConfiguration;
			buildSettings = {
				BUNDLE_LOADER = "$(TEST_HOST)";
				FRAMEWORK_SEARCH_PATHS = (
					"$(SDKROOT)/Developer/Library/Frameworks",
					"$(inherited)",
				);
				GCC_PREPROCESSOR_DEFINITIONS = (
					"DEBUG=1",
					"$(inherited)",
				);
				INFOPLIST_FILE = imageFilterTests/Info.plist;
				LD_RUNPATH_SEARCH_PATHS = "$(inherited) @executable_path/Frameworks @loader_path/Frameworks";
				PRODUCT_NAME = "$(TARGET_NAME)";
				TEST_HOST = "$(BUILT_PRODUCTS_DIR)/imageFilter.app/imageFilter";
			};
			name = Debug;
		};
		7F6EB7A41B7839F100DB0799 /* Release */ = {
			isa = XCBuildConfiguration;
			buildSettings = {
				BUNDLE_LOADER = "$(TEST_HOST)";
				FRAMEWORK_SEARCH_PATHS = (
					"$(SDKROOT)/Developer/Library/Frameworks",
					"$(inherited)",
				);
				INFOPLIST_FILE = imageFilterTests/Info.plist;
				LD_RUNPATH_SEARCH_PATHS = "$(inherited) @executable_path/Frameworks @loader_path/Frameworks";
				PRODUCT_NAME = "$(TARGET_NAME)";
				TEST_HOST = "$(BUILT_PRODUCTS_DIR)/imageFilter.app/imageFilter";
			};
			name = Release;
		};
/* End XCBuildConfiguration section */

/* Begin XCConfigurationList section */
		7F6EB7771B7839F100DB0799 /* Build configuration list for PBXProject "imageFilter" */ = {
			isa = XCConfigurationList;
			buildConfigurations = (
				7F6EB79D1B7839F100DB0799 /* Debug */,
				7F6EB79E1B7839F100DB0799 /* Release */,
			);
			defaultConfigurationIsVisible = 0;
			defaultConfigurationName = Release;
		};
		7F6EB79F1B7839F100DB0799 /* Build configuration list for PBXNativeTarget "imageFilter" */ = {
			isa = XCConfigurationList;
			buildConfigurations = (
				7F6EB7A01B7839F100DB0799 /* Debug */,
				7F6EB7A11B7839F100DB0799 /* Release */,
			);
			defaultConfigurationIsVisible = 0;
		};
		7F6EB7A21B7839F100DB0799 /* Build configuration list for PBXNativeTarget "imageFilterTests" */ = {
			isa = XCConfigurationList;
			buildConfigurations = (
				7F6EB7A31B7839F100DB0799 /* Debug */,
				7F6EB7A41B7839F100DB0799 /* Release */,
			);
			defaultConfigurationIsVisible = 0;
		};
/* End XCConfigurationList section */
	};
	rootObject = 7F6EB7741B7839F100DB0799 /* Project object */;
}
